
Microsoft Visual Studio Solution File, Format Version 12.00
# Visual Studio 15
VisualStudioVersion = 15.0.27703.2026
MinimumVisualStudioVersion = 10.0.40219.1
Project("{FAE04EC0-301F-11D3-BF4B-00C04F79EFBC}") = "kedouwenc", "kedouwenc\kedouwenc.csproj", "{5D47B7CC-BE0F-4C58-9124-D37BF01F4ADA}"
EndProject
Global
	GlobalSection(SolutionConfigurationPlatforms) = preSolution
		Debug|Any CPU = Debug|Any CPU
		Release|Any CPU = Release|Any CPU
	EndGlobalSection
	GlobalSection(ProjectConfigurationPlatforms) = postSolution
		{5D47B7CC-BE0F-4C58-9124-D37BF01F4ADA}.Debug|Any CPU.ActiveCfg = Debug|Any CPU
		{5D47B7CC-BE0F-4C58-9124-D37BF01F4ADA}.Debug|Any CPU.Build.0 = Debug|Any CPU
		{5D47B7CC-BE0F-4C58-9124-D37BF01F4ADA}.Release|Any CPU.ActiveCfg = Release|Any CPU
		{5D47B7CC-BE0F-4C58-9124-D37BF01F4ADA}.Release|Any CPU.Build.0 = Release|Any CPU
	EndGlobalSection
	GlobalSection(SolutionProperties) = preSolution
		HideSolutionNode = FALSE
	EndGlobalSection
	GlobalSection(ExtensibilityGlobals) = postSolution
		SolutionGuid = {55CAA8D2-35F0-435B-A79B-360EA74AB5D4}
	EndGlobalSection
EndGlobal
